// !$*UTF8*$!
{
	archiveVersion = 1;
	classes = {
	};
	objectVersion = 50;
	objects = {

/* Begin PBXBuildFile section */
		418CDD2D251D6409009F6384 /* AppDelegate.swift in Sources */ = {isa = PBXBuildFile; fileRef = 418CDD2C251D6409009F6384 /* AppDelegate.swift */; };
		418CDD2F251D6409009F6384 /* SceneDelegate.swift in Sources */ = {isa = PBXBuildFile; fileRef = 418CDD2E251D6409009F6384 /* SceneDelegate.swift */; };
		418CDD31251D6409009F6384 /* ViewController.swift in Sources */ = {isa = PBXBuildFile; fileRef = 418CDD30251D6409009F6384 /* ViewController.swift */; };
		418CDD34251D6409009F6384 /* Main.storyboard in Resources */ = {isa = PBXBuildFile; fileRef = 418CDD32251D6409009F6384 /* Main.storyboard */; };
		418CDD36251D640C009F6384 /* Assets.xcassets in Resources */ = {isa = PBXBuildFile; fileRef = 418CDD35251D640C009F6384 /* Assets.xcassets */; };
		418CDD39251D640C009F6384 /* LaunchScreen.storyboard in Resources */ = {isa = PBXBuildFile; fileRef = 418CDD37251D640C009F6384 /* LaunchScreen.storyboard */; };
		418CDD44251D640D009F6384 /* YelpyTests.swift in Sources */ = {isa = PBXBuildFile; fileRef = 418CDD43251D640D009F6384 /* YelpyTests.swift */; };
		418CDD4F251D640D009F6384 /* YelpyUITests.swift in Sources */ = {isa = PBXBuildFile; fileRef = 418CDD4E251D640D009F6384 /* YelpyUITests.swift */; };
/* End PBXBuildFile section */

/* Begin PBXContainerItemProxy section */
		418CDD40251D640D009F6384 /* PBXContainerItemProxy */ = {
			isa = PBXContainerItemProxy;
			containerPortal = 418CDD21251D6409009F6384 /* Project object */;
			proxyType = 1;
			remoteGlobalIDString = 418CDD28251D6409009F6384;
			remoteInfo = Yelpy;
		};
		418CDD4B251D640D009F6384 /* PBXContainerItemProxy */ = {
			isa = PBXContainerItemProxy;
			containerPortal = 418CDD21251D6409009F6384 /* Project object */;
			proxyType = 1;
			remoteGlobalIDString = 418CDD28251D6409009F6384;
			remoteInfo = Yelpy;
		};
/* End PBXContainerItemProxy section */

/* Begin PBXFileReference section */
		418CDD29251D6409009F6384 /* Yelpy.app */ = {isa = PBXFileReference; explicitFileType = wrapper.application; includeInIndex = 0; path = Yelpy.app; sourceTree = BUILT_PRODUCTS_DIR; };
		418CDD2C251D6409009F6384 /* AppDelegate.swift */ = {isa = PBXFileReference; lastKnownFileType = sourcecode.swift; path = AppDelegate.swift; sourceTree = "<group>"; };
		418CDD2E251D6409009F6384 /* SceneDelegate.swift */ = {isa = PBXFileReference; lastKnownFileType = sourcecode.swift; path = SceneDelegate.swift; sourceTree = "<group>"; };
		418CDD30251D6409009F6384 /* ViewController.swift */ = {isa = PBXFileReference; lastKnownFileType = sourcecode.swift; path = ViewController.swift; sourceTree = "<group>"; };
		418CDD33251D6409009F6384 /* Base */ = {isa = PBXFileReference; lastKnownFileType = file.storyboard; name = Base; path = Base.lproj/Main.storyboard; sourceTree = "<group>"; };
		418CDD35251D640C009F6384 /* Assets.xcassets */ = {isa = PBXFileReference; lastKnownFileType = folder.assetcatalog; path = Assets.xcassets; sourceTree = "<group>"; };
		418CDD38251D640C009F6384 /* Base */ = {isa = PBXFileReference; lastKnownFileType = file.storyboard; name = Base; path = Base.lproj/LaunchScreen.storyboard; sourceTree = "<group>"; };
		418CDD3A251D640C009F6384 /* Info.plist */ = {isa = PBXFileReference; lastKnownFileType = text.plist.xml; path = Info.plist; sourceTree = "<group>"; };
		418CDD3F251D640D009F6384 /* YelpyTests.xctest */ = {isa = PBXFileReference; explicitFileType = wrapper.cfbundle; includeInIndex = 0; path = YelpyTests.xctest; sourceTree = BUILT_PRODUCTS_DIR; };
		418CDD43251D640D009F6384 /* YelpyTests.swift */ = {isa = PBXFileReference; lastKnownFileType = sourcecode.swift; path = YelpyTests.swift; sourceTree = "<group>"; };
		418CDD45251D640D009F6384 /* Info.plist */ = {isa = PBXFileReference; lastKnownFileType = text.plist.xml; path = Info.plist; sourceTree = "<group>"; };
		418CDD4A251D640D009F6384 /* YelpyUITests.xctest */ = {isa = PBXFileReference; explicitFileType = wrapper.cfbundle; includeInIndex = 0; path = YelpyUITests.xctest; sourceTree = BUILT_PRODUCTS_DIR; };
		418CDD4E251D640D009F6384 /* YelpyUITests.swift */ = {isa = PBXFileReference; lastKnownFileType = sourcecode.swift; path = YelpyUITests.swift; sourceTree = "<group>"; };
		418CDD50251D640D009F6384 /* Info.plist */ = {isa = PBXFileReference; lastKnownFileType = text.plist.xml; path = Info.plist; sourceTree = "<group>"; };
/* End PBXFileReference section */

/* Begin PBXFrameworksBuildPhase section */
		418CDD26251D6409009F6384 /* Frameworks */ = {
			isa = PBXFrameworksBuildPhase;
			buildActionMask = 2147483647;
			files = (
			);
			runOnlyForDeploymentPostprocessing = 0;
		};
		418CDD3C251D640D009F6384 /* Frameworks */ = {
			isa = PBXFrameworksBuildPhase;
			buildActionMask = 2147483647;
			files = (
			);
			runOnlyForDeploymentPostprocessing = 0;
		};
		418CDD47251D640D009F6384 /* Frameworks */ = {
			isa = PBXFrameworksBuildPhase;
			buildActionMask = 2147483647;
			files = (
			);
			runOnlyForDeploymentPostprocessing = 0;
		};
/* End PBXFrameworksBuildPhase section */

/* Begin PBXGroup section */
		418CDD20251D6409009F6384 = {
			isa = PBXGroup;
			children = (
				418CDD2B251D6409009F6384 /* Yelpy */,
				418CDD42251D640D009F6384 /* YelpyTests */,
				418CDD4D251D640D009F6384 /* YelpyUITests */,
				418CDD2A251D6409009F6384 /* Products */,
			);
			sourceTree = "<group>";
		};
		418CDD2A251D6409009F6384 /* Products */ = {
			isa = PBXGroup;
			children = (
				418CDD29251D6409009F6384 /* Yelpy.app */,
				418CDD3F251D640D009F6384 /* YelpyTests.xctest */,
				418CDD4A251D640D009F6384 /* YelpyUITests.xctest */,
			);
			name = Products;
			sourceTree = "<group>";
		};
		418CDD2B251D6409009F6384 /* Yelpy */ = {
			isa = PBXGroup;
			children = (
				418CDD2C251D6409009F6384 /* AppDelegate.swift */,
				418CDD2E251D6409009F6384 /* SceneDelegate.swift */,
				418CDD30251D6409009F6384 /* ViewController.swift */,
				418CDD32251D6409009F6384 /* Main.storyboard */,
				418CDD35251D640C009F6384 /* Assets.xcassets */,
				418CDD37251D640C009F6384 /* LaunchScreen.storyboard */,
				418CDD3A251D640C009F6384 /* Info.plist */,
			);
			path = Yelpy;
			sourceTree = "<group>";
		};
		418CDD42251D640D009F6384 /* YelpyTests */ = {
			isa = PBXGroup;
			children = (
				418CDD43251D640D009F6384 /* YelpyTests.swift */,
				418CDD45251D640D009F6384 /* Info.plist */,
			);
			path = YelpyTests;
			sourceTree = "<group>";
		};
		418CDD4D251D640D009F6384 /* YelpyUITests */ = {
			isa = PBXGroup;
			children = (
				418CDD4E251D640D009F6384 /* YelpyUITests.swift */,
				418CDD50251D640D009F6384 /* Info.plist */,
			);
			path = YelpyUITests;
			sourceTree = "<group>";
		};
/* End PBXGroup section */

/* Begin PBXNativeTarget section */
		418CDD28251D6409009F6384 /* Yelpy */ = {
			isa = PBXNativeTarget;
			buildConfigurationList = 418CDD53251D640D009F6384 /* Build configuration list for PBXNativeTarget "Yelpy" */;
			buildPhases = (
				418CDD25251D6409009F6384 /* Sources */,
				418CDD26251D6409009F6384 /* Frameworks */,
				418CDD27251D6409009F6384 /* Resources */,
			);
			buildRules = (
			);
			dependencies = (
			);
			name = Yelpy;
			productName = Yelpy;
			productReference = 418CDD29251D6409009F6384 /* Yelpy.app */;
			productType = "com.apple.product-type.application";
		};
		418CDD3E251D640D009F6384 /* YelpyTests */ = {
			isa = PBXNativeTarget;
			buildConfigurationList = 418CDD56251D640D009F6384 /* Build configuration list for PBXNativeTarget "YelpyTests" */;
			buildPhases = (
				418CDD3B251D640D009F6384 /* Sources */,
				418CDD3C251D640D009F6384 /* Frameworks */,
				418CDD3D251D640D009F6384 /* Resources */,
			);
			buildRules = (
			);
			dependencies = (
				418CDD41251D640D009F6384 /* PBXTargetDependency */,
			);
			name = YelpyTests;
			productName = YelpyTests;
			productReference = 418CDD3F251D640D009F6384 /* YelpyTests.xctest */;
			productType = "com.apple.product-type.bundle.unit-test";
		};
		418CDD49251D640D009F6384 /* YelpyUITests */ = {
			isa = PBXNativeTarget;
			buildConfigurationList = 418CDD59251D640D009F6384 /* Build configuration list for PBXNativeTarget "YelpyUITests" */;
			buildPhases = (
				418CDD46251D640D009F6384 /* Sources */,
				418CDD47251D640D009F6384 /* Frameworks */,
				418CDD48251D640D009F6384 /* Resources */,
			);
			buildRules = (
			);
			dependencies = (
				418CDD4C251D640D009F6384 /* PBXTargetDependency */,
			);
			name = YelpyUITests;
			productName = YelpyUITests;
			productReference = 418CDD4A251D640D009F6384 /* YelpyUITests.xctest */;
			productType = "com.apple.product-type.bundle.ui-testing";
		};
/* End PBXNativeTarget section */

/* Begin PBXProject section */
		418CDD21251D6409009F6384 /* Project object */ = {
			isa = PBXProject;
			attributes = {
				LastSwiftUpdateCheck = 1200;
				LastUpgradeCheck = 1200;
				TargetAttributes = {
					418CDD28251D6409009F6384 = {
						CreatedOnToolsVersion = 12.0;
					};
					418CDD3E251D640D009F6384 = {
						CreatedOnToolsVersion = 12.0;
						TestTargetID = 418CDD28251D6409009F6384;
					};
					418CDD49251D640D009F6384 = {
						CreatedOnToolsVersion = 12.0;
						TestTargetID = 418CDD28251D6409009F6384;
					};
				};
			};
			buildConfigurationList = 418CDD24251D6409009F6384 /* Build configuration list for PBXProject "Yelpy" */;
			compatibilityVersion = "Xcode 9.3";
			developmentRegion = en;
			hasScannedForEncodings = 0;
			knownRegions = (
				en,
				Base,
			);
			mainGroup = 418CDD20251D6409009F6384;
			productRefGroup = 418CDD2A251D6409009F6384 /* Products */;
			projectDirPath = "";
			projectRoot = "";
			targets = (
				418CDD28251D6409009F6384 /* Yelpy */,
				418CDD3E251D640D009F6384 /* YelpyTests */,
				418CDD49251D640D009F6384 /* YelpyUITests */,
			);
		};
/* End PBXProject section */

/* Begin PBXResourcesBuildPhase section */
		418CDD27251D6409009F6384 /* Resources */ = {
			isa = PBXResourcesBuildPhase;
			buildActionMask = 2147483647;
			files = (
				418CDD39251D640C009F6384 /* LaunchScreen.storyboard in Resources */,
				418CDD36251D640C009F6384 /* Assets.xcassets in Resources */,
				418CDD34251D6409009F6384 /* Main.storyboard in Resources */,
			);
			runOnlyForDeploymentPostprocessing = 0;
		};
		418CDD3D251D640D009F6384 /* Resources */ = {
			isa = PBXResourcesBuildPhase;
			buildActionMask = 2147483647;
			files = (
			);
			runOnlyForDeploymentPostprocessing = 0;
		};
		418CDD48251D640D009F6384 /* Resources */ = {
			isa = PBXResourcesBuildPhase;
			buildActionMask = 2147483647;
			files = (
			);
			runOnlyForDeploymentPostprocessing = 0;
		};
/* End PBXResourcesBuildPhase section */

/* Begin PBXSourcesBuildPhase section */
		418CDD25251D6409009F6384 /* Sources */ = {
			isa = PBXSourcesBuildPhase;
			buildActionMask = 2147483647;
			files = (
				418CDD31251D6409009F6384 /* ViewController.swift in Sources */,
				418CDD2D251D6409009F6384 /* AppDelegate.swift in Sources */,
				418CDD2F251D6409009F6384 /* SceneDelegate.swift in Sources */,
			);
			runOnlyForDeploymentPostprocessing = 0;
		};
		418CDD3B251D640D009F6384 /* Sources */ = {
			isa = PBXSourcesBuildPhase;
			buildActionMask = 2147483647;
			files = (
				418CDD44251D640D009F6384 /* YelpyTests.swift in Sources */,
			);
			runOnlyForDeploymentPostprocessing = 0;
		};
		418CDD46251D640D009F6384 /* Sources */ = {
			isa = PBXSourcesBuildPhase;
			buildActionMask = 2147483647;
			files = (
				418CDD4F251D640D009F6384 /* YelpyUITests.swift in Sources */,
			);
			runOnlyForDeploymentPostprocessing = 0;
		};
/* End PBXSourcesBuildPhase section */

/* Begin PBXTargetDependency section */
		418CDD41251D640D009F6384 /* PBXTargetDependency */ = {
			isa = PBXTargetDependency;
			target = 418CDD28251D6409009F6384 /* Yelpy */;
			targetProxy = 418CDD40251D640D009F6384 /* PBXContainerItemProxy */;
		};
		418CDD4C251D640D009F6384 /* PBXTargetDependency */ = {
			isa = PBXTargetDependency;
			target = 418CDD28251D6409009F6384 /* Yelpy */;
			targetProxy = 418CDD4B251D640D009F6384 /* PBXContainerItemProxy */;
		};
/* End PBXTargetDependency section */

/* Begin PBXVariantGroup section */
		418CDD32251D6409009F6384 /* Main.storyboard */ = {
			isa = PBXVariantGroup;
			children = (
				418CDD33251D6409009F6384 /* Base */,
			);
			name = Main.storyboard;
			sourceTree = "<group>";
		};
		418CDD37251D640C009F6384 /* LaunchScreen.storyboard */ = {
			isa = PBXVariantGroup;
			children = (
				418CDD38251D640C009F6384 /* Base */,
			);
			name = LaunchScreen.storyboard;
			sourceTree = "<group>";
		};
/* End PBXVariantGroup section */

/* Begin XCBuildConfiguration section */
		418CDD51251D640D009F6384 /* Debug */ = {
			isa = XCBuildConfiguration;
			buildSettings = {
				ALWAYS_SEARCH_USER_PATHS = NO;
				CLANG_ANALYZER_NONNULL = YES;
				CLANG_ANALYZER_NUMBER_OBJECT_CONVERSION = YES_AGGRESSIVE;
				CLANG_CXX_LANGUAGE_STANDARD = "gnu++14";
				CLANG_CXX_LIBRARY = "libc++";
				CLANG_ENABLE_MODULES = YES;
				CLANG_ENABLE_OBJC_ARC = YES;
				CLANG_ENABLE_OBJC_WEAK = YES;
				CLANG_WARN_BLOCK_CAPTURE_AUTORELEASING = YES;
				CLANG_WARN_BOOL_CONVERSION = YES;
				CLANG_WARN_COMMA = YES;
				CLANG_WARN_CONSTANT_CONVERSION = YES;
				CLANG_WARN_DEPRECATED_OBJC_IMPLEMENTATIONS = YES;
				CLANG_WARN_DIRECT_OBJC_ISA_USAGE = YES_ERROR;
				CLANG_WARN_DOCUMENTATION_COMMENTS = YES;
				CLANG_WARN_EMPTY_BODY = YES;
				CLANG_WARN_ENUM_CONVERSION = YES;
				CLANG_WARN_INFINITE_RECURSION = YES;
				CLANG_WARN_INT_CONVERSION = YES;
				CLANG_WARN_NON_LITERAL_NULL_CONVERSION = YES;
				CLANG_WARN_OBJC_IMPLICIT_RETAIN_SELF = YES;
				CLANG_WARN_OBJC_LITERAL_CONVERSION = YES;
				CLANG_WARN_OBJC_ROOT_CLASS = YES_ERROR;
				CLANG_WARN_QUOTED_INCLUDE_IN_FRAMEWORK_HEADER = YES;
				CLANG_WARN_RANGE_LOOP_ANALYSIS = YES;
				CLANG_WARN_STRICT_PROTOTYPES = YES;
				CLANG_WARN_SUSPICIOUS_MOVE = YES;
				CLANG_WARN_UNGUARDED_AVAILABILITY = YES_AGGRESSIVE;
				CLANG_WARN_UNREACHABLE_CODE = YES;
				CLANG_WARN__DUPLICATE_METHOD_MATCH = YES;
				COPY_PHASE_STRIP = NO;
				DEBUG_INFORMATION_FORMAT = dwarf;
				ENABLE_STRICT_OBJC_MSGSEND = YES;
				ENABLE_TESTABILITY = YES;
				GCC_C_LANGUAGE_STANDARD = gnu11;
				GCC_DYNAMIC_NO_PIC = NO;
				GCC_NO_COMMON_BLOCKS = YES;
				GCC_OPTIMIZATION_LEVEL = 0;
				GCC_PREPROCESSOR_DEFINITIONS = (
					"DEBUG=1",
					"$(inherited)",
				);
				GCC_WARN_64_TO_32_BIT_CONVERSION = YES;
				GCC_WARN_ABOUT_RETURN_TYPE = YES_ERROR;
				GCC_WARN_UNDECLARED_SELECTOR = YES;
				GCC_WARN_UNINITIALIZED_AUTOS = YES_AGGRESSIVE;
				GCC_WARN_UNUSED_FUNCTION = YES;
				GCC_WARN_UNUSED_VARIABLE = YES;
				IPHONEOS_DEPLOYMENT_TARGET = 14.0;
				MTL_ENABLE_DEBUG_INFO = INCLUDE_SOURCE;
				MTL_FAST_MATH = YES;
				ONLY_ACTIVE_ARCH = YES;
				SDKROOT = iphoneos;
				SWIFT_ACTIVE_COMPILATION_CONDITIONS = DEBUG;
				SWIFT_OPTIMIZATION_LEVEL = "-Onone";
			};
			name = Debug;
		};
		418CDD52251D640D009F6384 /* Release */ = {
			isa = XCBuildConfiguration;
			buildSettings = {
				ALWAYS_SEARCH_USER_PATHS = NO;
				CLANG_ANALYZER_NONNULL = YES;
				CLANG_ANALYZER_NUMBER_OBJECT_CONVERSION = YES_AGGRESSIVE;
				CLANG_CXX_LANGUAGE_STANDARD = "gnu++14";
				CLANG_CXX_LIBRARY = "libc++";
				CLANG_ENABLE_MODULES = YES;
				CLANG_ENABLE_OBJC_ARC = YES;
				CLANG_ENABLE_OBJC_WEAK = YES;
				CLANG_WARN_BLOCK_CAPTURE_AUTORELEASING = YES;
				CLANG_WARN_BOOL_CONVERSION = YES;
				CLANG_WARN_COMMA = YES;
				CLANG_WARN_CONSTANT_CONVERSION = YES;
				CLANG_WARN_DEPRECATED_OBJC_IMPLEMENTATIONS = YES;
				CLANG_WARN_DIRECT_OBJC_ISA_USAGE = YES_ERROR;
				CLANG_WARN_DOCUMENTATION_COMMENTS = YES;
				CLANG_WARN_EMPTY_BODY = YES;
				CLANG_WARN_ENUM_CONVERSION = YES;
				CLANG_WARN_INFINITE_RECURSION = YES;
				CLANG_WARN_INT_CONVERSION = YES;
				CLANG_WARN_NON_LITERAL_NULL_CONVERSION = YES;
				CLANG_WARN_OBJC_IMPLICIT_RETAIN_SELF = YES;
				CLANG_WARN_OBJC_LITERAL_CONVERSION = YES;
				CLANG_WARN_OBJC_ROOT_CLASS = YES_ERROR;
				CLANG_WARN_QUOTED_INCLUDE_IN_FRAMEWORK_HEADER = YES;
				CLANG_WARN_RANGE_LOOP_ANALYSIS = YES;
				CLANG_WARN_STRICT_PROTOTYPES = YES;
				CLANG_WARN_SUSPICIOUS_MOVE = YES;
				CLANG_WARN_UNGUARDED_AVAILABILITY = YES_AGGRESSIVE;
				CLANG_WARN_UNREACHABLE_CODE = YES;
				CLANG_WARN__DUPLICATE_METHOD_MATCH = YES;
				COPY_PHASE_STRIP = NO;
				DEBUG_INFORMATION_FORMAT = "dwarf-with-dsym";
				ENABLE_NS_ASSERTIONS = NO;
				ENABLE_STRICT_OBJC_MSGSEND = YES;
				GCC_C_LANGUAGE_STANDARD = gnu11;
				GCC_NO_COMMON_BLOCKS = YES;
				GCC_WARN_64_TO_32_BIT_CONVERSION = YES;
				GCC_WARN_ABOUT_RETURN_TYPE = YES_ERROR;
				GCC_WARN_UNDECLARED_SELECTOR = YES;
				GCC_WARN_UNINITIALIZED_AUTOS = YES_AGGRESSIVE;
				GCC_WARN_UNUSED_FUNCTION = YES;
				GCC_WARN_UNUSED_VARIABLE = YES;
				IPHONEOS_DEPLOYMENT_TARGET = 14.0;
				MTL_ENABLE_DEBUG_INFO = NO;
				MTL_FAST_MATH = YES;
				SDKROOT = iphoneos;
				SWIFT_COMPILATION_MODE = wholemodule;
				SWIFT_OPTIMIZATION_LEVEL = "-O";
				VALIDATE_PRODUCT = YES;
			};
			name = Release;
		};
		418CDD54251D640D009F6384 /* Debug */ = {
			isa = XCBuildConfiguration;
			buildSettings = {
				ASSETCATALOG_COMPILER_APPICON_NAME = AppIcon;
				ASSETCATALOG_COMPILER_GLOBAL_ACCENT_COLOR_NAME = AccentColor;
				CODE_SIGN_STYLE = Automatic;
				DEVELOPMENT_TEAM = VQMFNJ29R2;
				INFOPLIST_FILE = Yelpy/Info.plist;
				LD_RUNPATH_SEARCH_PATHS = (
					"$(inherited)",
					"@executable_path/Frameworks",
				);
				PRODUCT_BUNDLE_IDENTIFIER = com.tatiana.Yelpy;
				PRODUCT_NAME = "$(TARGET_NAME)";
				SWIFT_VERSION = 5.0;
				TARGETED_DEVICE_FAMILY = "1,2";
			};
			name = Debug;
		};
		418CDD55251D640D009F6384 /* Release */ = {
			isa = XCBuildConfiguration;
			buildSettings = {
				ASSETCATALOG_COMPILER_APPICON_NAME = AppIcon;
				ASSETCATALOG_COMPILER_GLOBAL_ACCENT_COLOR_NAME = AccentColor;
				CODE_SIGN_STYLE = Automatic;
				DEVELOPMENT_TEAM = VQMFNJ29R2;
				INFOPLIST_FILE = Yelpy/Info.plist;
				LD_RUNPATH_SEARCH_PATHS = (
					"$(inherited)",
					"@executable_path/Frameworks",
				);
				PRODUCT_BUNDLE_IDENTIFIER = com.tatiana.Yelpy;
				PRODUCT_NAME = "$(TARGET_NAME)";
				SWIFT_VERSION = 5.0;
				TARGETED_DEVICE_FAMILY = "1,2";
			};
			name = Release;
		};
		418CDD57251D640D009F6384 /* Debug */ = {
			isa = XCBuildConfiguration;
			buildSettings = {
				ALWAYS_EMBED_SWIFT_STANDARD_LIBRARIES = YES;
				BUNDLE_LOADER = "$(TEST_HOST)";
				CODE_SIGN_STYLE = Automatic;
				INFOPLIST_FILE = YelpyTests/Info.plist;
				IPHONEOS_DEPLOYMENT_TARGET = 14.0;
				LD_RUNPATH_SEARCH_PATHS = (
					"$(inherited)",
					"@executable_path/Frameworks",
					"@loader_path/Frameworks",
				);
				PRODUCT_BUNDLE_IDENTIFIER = com.tatiana.YelpyTests;
				PRODUCT_NAME = "$(TARGET_NAME)";
				SWIFT_VERSION = 5.0;
				TARGETED_DEVICE_FAMILY = "1,2";
				TEST_HOST = "$(BUILT_PRODUCTS_DIR)/Yelpy.app/Yelpy";
			};
			name = Debug;
		};
		418CDD58251D640D009F6384 /* Release */ = {
			isa = XCBuildConfiguration;
			buildSettings = {
				ALWAYS_EMBED_SWIFT_STANDARD_LIBRARIES = YES;
				BUNDLE_LOADER = "$(TEST_HOST)";
				CODE_SIGN_STYLE = Automatic;
				INFOPLIST_FILE = YelpyTests/Info.plist;
				IPHONEOS_DEPLOYMENT_TARGET = 14.0;
				LD_RUNPATH_SEARCH_PATHS = (
					"$(inherited)",
					"@executable_path/Frameworks",
					"@loader_path/Frameworks",
				);
				PRODUCT_BUNDLE_IDENTIFIER = com.tatiana.YelpyTests;
				PRODUCT_NAME = "$(TARGET_NAME)";
				SWIFT_VERSION = 5.0;
				TARGETED_DEVICE_FAMILY = "1,2";
				TEST_HOST = "$(BUILT_PRODUCTS_DIR)/Yelpy.app/Yelpy";
			};
			name = Release;
		};
		418CDD5A251D640D009F6384 /* Debug */ = {
			isa = XCBuildConfiguration;
			buildSettings = {
				ALWAYS_EMBED_SWIFT_STANDARD_LIBRARIES = YES;
				CODE_SIGN_STYLE = Automatic;
				INFOPLIST_FILE = YelpyUITests/Info.plist;
				LD_RUNPATH_SEARCH_PATHS = (
					"$(inherited)",
					"@executable_path/Frameworks",
					"@loader_path/Frameworks",
				);
				PRODUCT_BUNDLE_IDENTIFIER = com.tatiana.YelpyUITests;
				PRODUCT_NAME = "$(TARGET_NAME)";
				SWIFT_VERSION = 5.0;
				TARGETED_DEVICE_FAMILY = "1,2";
				TEST_TARGET_NAME = Yelpy;
			};
			name = Debug;
		};
		418CDD5B251D640D009F6384 /* Release */ = {
			isa = XCBuildConfiguration;
			buildSettings = {
				ALWAYS_EMBED_SWIFT_STANDARD_LIBRARIES = YES;
				CODE_SIGN_STYLE = Automatic;
				INFOPLIST_FILE = YelpyUITests/Info.plist;
				LD_RUNPATH_SEARCH_PATHS = (
					"$(inherited)",
					"@executable_path/Frameworks",
					"@loader_path/Frameworks",
				);
				PRODUCT_BUNDLE_IDENTIFIER = com.tatiana.YelpyUITests;
				PRODUCT_NAME = "$(TARGET_NAME)";
				SWIFT_VERSION = 5.0;
				TARGETED_DEVICE_FAMILY = "1,2";
				TEST_TARGET_NAME = Yelpy;
			};
			name = Release;
		};
/* End XCBuildConfiguration section */

/* Begin XCConfigurationList section */
		418CDD24251D6409009F6384 /* Build configuration list for PBXProject "Yelpy" */ = {
			isa = XCConfigurationList;
			buildConfigurations = (
				418CDD51251D640D009F6384 /* Debug */,
				418CDD52251D640D009F6384 /* Release */,
			);
			defaultConfigurationIsVisible = 0;
			defaultConfigurationName = Release;
		};
		418CDD53251D640D009F6384 /* Build configuration list for PBXNativeTarget "Yelpy" */ = {
			isa = XCConfigurationList;
			buildConfigurations = (
				418CDD54251D640D009F6384 /* Debug */,
				418CDD55251D640D009F6384 /* Release */,
			);
			defaultConfigurationIsVisible = 0;
			defaultConfigurationName = Release;
		};
		418CDD56251D640D009F6384 /* Build configuration list for PBXNativeTarget "YelpyTests" */ = {
			isa = XCConfigurationList;
			buildConfigurations = (
				418CDD57251D640D009F6384 /* Debug */,
				418CDD58251D640D009F6384 /* Release */,
			);
			defaultConfigurationIsVisible = 0;
			defaultConfigurationName = Release;
		};
		418CDD59251D640D009F6384 /* Build configuration list for PBXNativeTarget "YelpyUITests" */ = {
			isa = XCConfigurationList;
			buildConfigurations = (
				418CDD5A251D640D009F6384 /* Debug */,
				418CDD5B251D640D009F6384 /* Release */,
			);
			defaultConfigurationIsVisible = 0;
			defaultConfigurationName = Release;
		};
/* End XCConfigurationList section */
	};
	rootObject = 418CDD21251D6409009F6384 /* Project object */;
}
